
Microsoft Visual Studio Solution File, Format Version 12.00
# Visual Studio Version 17
VisualStudioVersion = 17.3.32804.467
MinimumVisualStudioVersion = 10.0.40219.1
Project("{FAE04EC0-301F-11D3-BF4B-00C04F79EFBC}") = "SnakeGame", "SnakeGame\SnakeGame.csproj", "{57593C99-CE07-4CF1-8A36-83D58B6AA55F}"
EndProject
Global
	GlobalSection(SolutionConfigurationPlatforms) = preSolution
		Debug|Any CPU = Debug|Any CPU
		Release|Any CPU = Release|Any CPU
	EndGlobalSection
	GlobalSection(ProjectConfigurationPlatforms) = postSolution
		{57593C99-CE07-4CF1-8A36-83D58B6AA55F}.Debug|Any CPU.ActiveCfg = Debug|Any CPU
		{57593C99-CE07-4CF1-8A36-83D58B6AA55F}.Debug|Any CPU.Build.0 = Debug|Any CPU
		{57593C99-CE07-4CF1-8A36-83D58B6AA55F}.Release|Any CPU.ActiveCfg = Release|Any CPU
		{57593C99-CE07-4CF1-8A36-83D58B6AA55F}.Release|Any CPU.Build.0 = Release|Any CPU
	EndGlobalSection
	GlobalSection(SolutionProperties) = preSolution
		HideSolutionNode = FALSE
	EndGlobalSection
	GlobalSection(ExtensibilityGlobals) = postSolution
		SolutionGuid = {1AB99E0F-AEEA-4736-9608-679D24311743}
	EndGlobalSection
EndGlobal
